
Microsoft Visual Studio Solution File, Format Version 12.00
# Visual Studio 15
VisualStudioVersion = 15.0.26124.0
MinimumVisualStudioVersion = 15.0.26124.0
Project("{2150E333-8FDC-42A3-9474-1A3956D46DE8}") = "src", "src", "{F3B7A6B8-0E23-443C-B51D-B6B83D5613B8}"
EndProject
Project("{FAE04EC0-301F-11D3-BF4B-00C04F79EFBC}") = "GradeBook", "src\GradeBook\GradeBook.csproj", "{84F22CF9-0C5B-44C7-9315-9AC40119B318}"
EndProject
Project("{2150E333-8FDC-42A3-9474-1A3956D46DE8}") = "test", "test", "{7F1D5FA0-6DEB-44B6-B581-8F3A6B0CA167}"
EndProject
Project("{FAE04EC0-301F-11D3-BF4B-00C04F79EFBC}") = "GradeBook.Tests", "test\GradeBook.Tests\GradeBook.Tests.csproj", "{91E081DD-0D64-4348-A4CB-A12176F013DA}"
EndProject
Global
	GlobalSection(SolutionConfigurationPlatforms) = preSolution
		Debug|Any CPU = Debug|Any CPU
		Debug|x64 = Debug|x64
		Debug|x86 = Debug|x86
		Release|Any CPU = Release|Any CPU
		Release|x64 = Release|x64
		Release|x86 = Release|x86
	EndGlobalSection
	GlobalSection(SolutionProperties) = preSolution
		HideSolutionNode = FALSE
	EndGlobalSection
	GlobalSection(ProjectConfigurationPlatforms) = postSolution
		{84F22CF9-0C5B-44C7-9315-9AC40119B318}.Debug|Any CPU.ActiveCfg = Debug|Any CPU
		{84F22CF9-0C5B-44C7-9315-9AC40119B318}.Debug|Any CPU.Build.0 = Debug|Any CPU
		{84F22CF9-0C5B-44C7-9315-9AC40119B318}.Debug|x64.ActiveCfg = Debug|Any CPU
		{84F22CF9-0C5B-44C7-9315-9AC40119B318}.Debug|x64.Build.0 = Debug|Any CPU
		{84F22CF9-0C5B-44C7-9315-9AC40119B318}.Debug|x86.ActiveCfg = Debug|Any CPU
		{84F22CF9-0C5B-44C7-9315-9AC40119B318}.Debug|x86.Build.0 = Debug|Any CPU
		{84F22CF9-0C5B-44C7-9315-9AC40119B318}.Release|Any CPU.ActiveCfg = Release|Any CPU
		{84F22CF9-0C5B-44C7-9315-9AC40119B318}.Release|Any CPU.Build.0 = Release|Any CPU
		{84F22CF9-0C5B-44C7-9315-9AC40119B318}.Release|x64.ActiveCfg = Release|Any CPU
		{84F22CF9-0C5B-44C7-9315-9AC40119B318}.Release|x64.Build.0 = Release|Any CPU
		{84F22CF9-0C5B-44C7-9315-9AC40119B318}.Release|x86.ActiveCfg = Release|Any CPU
		{84F22CF9-0C5B-44C7-9315-9AC40119B318}.Release|x86.Build.0 = Release|Any CPU
		{91E081DD-0D64-4348-A4CB-A12176F013DA}.Debug|Any CPU.ActiveCfg = Debug|Any CPU
		{91E081DD-0D64-4348-A4CB-A12176F013DA}.Debug|Any CPU.Build.0 = Debug|Any CPU
		{91E081DD-0D64-4348-A4CB-A12176F013DA}.Debug|x64.ActiveCfg = Debug|Any CPU
		{91E081DD-0D64-4348-A4CB-A12176F013DA}.Debug|x64.Build.0 = Debug|Any CPU
		{91E081DD-0D64-4348-A4CB-A12176F013DA}.Debug|x86.ActiveCfg = Debug|Any CPU
		{91E081DD-0D64-4348-A4CB-A12176F013DA}.Debug|x86.Build.0 = Debug|Any CPU
		{91E081DD-0D64-4348-A4CB-A12176F013DA}.Release|Any CPU.ActiveCfg = Release|Any CPU
		{91E081DD-0D64-4348-A4CB-A12176F013DA}.Release|Any CPU.Build.0 = Release|Any CPU
		{91E081DD-0D64-4348-A4CB-A12176F013DA}.Release|x64.ActiveCfg = Release|Any CPU
		{91E081DD-0D64-4348-A4CB-A12176F013DA}.Release|x64.Build.0 = Release|Any CPU
		{91E081DD-0D64-4348-A4CB-A12176F013DA}.Release|x86.ActiveCfg = Release|Any CPU
		{91E081DD-0D64-4348-A4CB-A12176F013DA}.Release|x86.Build.0 = Release|Any CPU
	EndGlobalSection
	GlobalSection(NestedProjects) = preSolution
		{84F22CF9-0C5B-44C7-9315-9AC40119B318} = {F3B7A6B8-0E23-443C-B51D-B6B83D5613B8}
		{91E081DD-0D64-4348-A4CB-A12176F013DA} = {7F1D5FA0-6DEB-44B6-B581-8F3A6B0CA167}
	EndGlobalSection
EndGlobal
